github.com/jackc/pgpassfile v1.0.0 h1:/6Hmqy13Ss+WV+7NyWGjkL9uDu6Uj+j7pc1eWvEZs=
github.com/jackc/pgpassfile v1.0.0/go.mod h1:CEx0iS5ambNFdcRtxPj5JhEmlDR99CLI9TKL1EHEMs=
github.com/jackc/pgservicefile v0.0.0-20221227161230-091c0ba34f0a h1:bbPeKD0xmW/UEqzSrn0mb0ufqwyFcDByPhga1mZ1L8=
github.com/jackc/pgservicefile v0.0.0-20221227161230-091c0ba34f0a/go.mod h1:5yspPrukOVuOLRUTRHsAmx7k5i15REs6JbLQV5RLKU=
github.com/jackc/pgx/v5 v5.5.5 h1:NxstgNrndsTIQOAZlGTuTyj73T3DY7/+V2dBMAHS2I=
github.com/jackc/pgx/v5 v5.5.5/go.mod h1:ez9gk+OAat140fvwS/9iNQXAUC9mZn+aha2Rv7lzo=
github.com/jackc/puddle/v2 v2.2.1 h1:RhxXJtFG022u4ibrCSMSiu5aOq1i77R3mNByJ+ow0A=
github.com/jackc/puddle/v2 v2.2.1/go.mod h1:vriiEXHvEE654aYKXXjOvZM39qJ0ESQyp+rVrcSu/8=
github.com/jinzhu/inflection v1.0.0 h1:K16FRSyIaWCP1sbqjScjrgQzrc/p+hs95f18v8Errs=
github.com/jinzhu/inflection v1.0.0/go.mod h1:h+uFLlag+Qp1Va0xt82F51I2l6rqqE/O7DKksTVJw=
github.com/jinzhu/now v1.1.5 h1:/o9tlHleP7gOFcCfo0nJA7aQlAb9+v8FCNY1+zVbma=
github.com/jinzhu/now v1.1.5/go.mod h1:d3SSVoowX0Luu7Is0erVnstEn9zzBsAcs0vsUB21HU=
golang.org/x/crypto v0.21.0 h1:X31++rzVL6XAJfuKWVV1XJilwro32V0ZcKd1GjPad0=
golang.org/x/crypto v0.21.0/go.mod h1:4yrupUSOpc055aIkspRPC7wcGkuNvWBtXlOcSstjnE=
golang.org/x/sync v0.6.0 h1:5BMeUDZ7vkXGfEr1E9mc4VA6FvZLstNeV3PIwQQv9o=
golang.org/x/sync v0.6.0/go.mod h1:Czt+wKu+jkqNfs9SnMkSLpW0V2dsYkDQxNDFVzS2wg=
golang.org/x/text v0.14.0 h1:ScX5w1eTa60QWvq6rgIvKNc+UCP1ioEsA8iYkdgT+c=
golang.org/x/text v0.14.0/go.mod h1:w1nSVznqgqubMNd+v8ZdoxoM+m8Lt1BLnjAPWkJNEM=
gorm.io/driver/postgres v1.5.7 h1:AcICiDO3GchgSwaxiayoct3gV8sQ3MnVHbaWtseFgI=
gorm.io/driver/postgres v1.5.7/go.mod h1:GYvt9dFIH0SXghpoYT9+W5YlZ1TqYhdYEUbHh+fIlA=
gorm.io/gorm v1.25.7 h1:VsH8Sqa7czCNUESEm35zMsV+popJP4Mg27OvjRAEk8=
gorm.io/gorm v1.25.7/go.mod h1:hbnx/Oo0ChWwliu+UlCstd+YNibRQe7lFZX10WnJGQ=
